// !$*UTF8*$!
{
	archiveVersion = 1;
	classes = {
	};
	objectVersion = 55;
	objects = {

/* Begin PBXBuildFile section */
		54547036287DDE0B006C33DC /* AppDelegate.m in Sources */ = {isa = PBXBuildFile; fileRef = 54547035287DDE0B006C33DC /* AppDelegate.m */; };
		54547039287DDE0B006C33DC /* SceneDelegate.m in Sources */ = {isa = PBXBuildFile; fileRef = 54547038287DDE0B006C33DC /* SceneDelegate.m */; };
		5454703F287DDE0B006C33DC /* Main.storyboard in Resources */ = {isa = PBXBuildFile; fileRef = 5454703D287DDE0B006C33DC /* Main.storyboard */; };
		54547041287DDE0D006C33DC /* Assets.xcassets in Resources */ = {isa = PBXBuildFile; fileRef = 54547040287DDE0D006C33DC /* Assets.xcassets */; };
		54547044287DDE0D006C33DC /* LaunchScreen.storyboard in Resources */ = {isa = PBXBuildFile; fileRef = 54547042287DDE0D006C33DC /* LaunchScreen.storyboard */; };
		54547047287DDE0D006C33DC /* main.m in Sources */ = {isa = PBXBuildFile; fileRef = 54547046287DDE0D006C33DC /* main.m */; };
		54547052287DDF55006C33DC /* State.m in Sources */ = {isa = PBXBuildFile; fileRef = 54547051287DDF55006C33DC /* State.m */; };
		54547055287DE3DC006C33DC /* StateController.m in Sources */ = {isa = PBXBuildFile; fileRef = 54547054287DE3DC006C33DC /* StateController.m */; };
		54547058287DE42F006C33DC /* StateHelper.m in Sources */ = {isa = PBXBuildFile; fileRef = 54547057287DE42F006C33DC /* StateHelper.m */; };
		5454705C287DEF2F006C33DC /* StateCollectionViewController.m in Sources */ = {isa = PBXBuildFile; fileRef = 5454705B287DEF2F006C33DC /* StateCollectionViewController.m */; };
		54547060287DEF51006C33DC /* StateCollectionViewCell.m in Sources */ = {isa = PBXBuildFile; fileRef = 5454705F287DEF51006C33DC /* StateCollectionViewCell.m */; };
/* End PBXBuildFile section */

/* Begin PBXFileReference section */
		54547031287DDE0B006C33DC /* StateFlags.app */ = {isa = PBXFileReference; explicitFileType = wrapper.application; includeInIndex = 0; path = StateFlags.app; sourceTree = BUILT_PRODUCTS_DIR; };
		54547034287DDE0B006C33DC /* AppDelegate.h */ = {isa = PBXFileReference; lastKnownFileType = sourcecode.c.h; path = AppDelegate.h; sourceTree = "<group>"; };
		54547035287DDE0B006C33DC /* AppDelegate.m */ = {isa = PBXFileReference; lastKnownFileType = sourcecode.c.objc; path = AppDelegate.m; sourceTree = "<group>"; };
		54547037287DDE0B006C33DC /* SceneDelegate.h */ = {isa = PBXFileReference; lastKnownFileType = sourcecode.c.h; path = SceneDelegate.h; sourceTree = "<group>"; };
		54547038287DDE0B006C33DC /* SceneDelegate.m */ = {isa = PBXFileReference; lastKnownFileType = sourcecode.c.objc; path = SceneDelegate.m; sourceTree = "<group>"; };
		5454703E287DDE0B006C33DC /* Base */ = {isa = PBXFileReference; lastKnownFileType = file.storyboard; name = Base; path = Base.lproj/Main.storyboard; sourceTree = "<group>"; };
		54547040287DDE0D006C33DC /* Assets.xcassets */ = {isa = PBXFileReference; lastKnownFileType = folder.assetcatalog; path = Assets.xcassets; sourceTree = "<group>"; };
		54547043287DDE0D006C33DC /* Base */ = {isa = PBXFileReference; lastKnownFileType = file.storyboard; name = Base; path = Base.lproj/LaunchScreen.storyboard; sourceTree = "<group>"; };
		54547045287DDE0D006C33DC /* Info.plist */ = {isa = PBXFileReference; lastKnownFileType = text.plist.xml; path = Info.plist; sourceTree = "<group>"; };
		54547046287DDE0D006C33DC /* main.m */ = {isa = PBXFileReference; lastKnownFileType = sourcecode.c.objc; path = main.m; sourceTree = "<group>"; };
		54547050287DDF55006C33DC /* State.h */ = {isa = PBXFileReference; lastKnownFileType = sourcecode.c.h; path = State.h; sourceTree = "<group>"; };
		54547051287DDF55006C33DC /* State.m */ = {isa = PBXFileReference; lastKnownFileType = sourcecode.c.objc; path = State.m; sourceTree = "<group>"; };
		54547053287DE3DC006C33DC /* StateController.h */ = {isa = PBXFileReference; lastKnownFileType = sourcecode.c.h; path = StateController.h; sourceTree = "<group>"; };
		54547054287DE3DC006C33DC /* StateController.m */ = {isa = PBXFileReference; lastKnownFileType = sourcecode.c.objc; path = StateController.m; sourceTree = "<group>"; };
		54547056287DE42F006C33DC /* StateHelper.h */ = {isa = PBXFileReference; lastKnownFileType = sourcecode.c.h; path = StateHelper.h; sourceTree = "<group>"; };
		54547057287DE42F006C33DC /* StateHelper.m */ = {isa = PBXFileReference; lastKnownFileType = sourcecode.c.objc; path = StateHelper.m; sourceTree = "<group>"; };
		5454705A287DEF2F006C33DC /* StateCollectionViewController.h */ = {isa = PBXFileReference; lastKnownFileType = sourcecode.c.h; path = StateCollectionViewController.h; sourceTree = "<group>"; };
		5454705B287DEF2F006C33DC /* StateCollectionViewController.m */ = {isa = PBXFileReference; lastKnownFileType = sourcecode.c.objc; path = StateCollectionViewController.m; sourceTree = "<group>"; };
		5454705E287DEF51006C33DC /* StateCollectionViewCell.h */ = {isa = PBXFileReference; lastKnownFileType = sourcecode.c.h; path = StateCollectionViewCell.h; sourceTree = "<group>"; };
		5454705F287DEF51006C33DC /* StateCollectionViewCell.m */ = {isa = PBXFileReference; lastKnownFileType = sourcecode.c.objc; path = StateCollectionViewCell.m; sourceTree = "<group>"; };
/* End PBXFileReference section */

/* Begin PBXFrameworksBuildPhase section */
		5454702E287DDE0B006C33DC /* Frameworks */ = {
			isa = PBXFrameworksBuildPhase;
			buildActionMask = 2147483647;
			files = (
			);
			runOnlyForDeploymentPostprocessing = 0;
		};
/* End PBXFrameworksBuildPhase section */

/* Begin PBXGroup section */
		54547028287DDE0B006C33DC = {
			isa = PBXGroup;
			children = (
				54547033287DDE0B006C33DC /* StateFlags */,
				54547032287DDE0B006C33DC /* Products */,
			);
			sourceTree = "<group>";
		};
		54547032287DDE0B006C33DC /* Products */ = {
			isa = PBXGroup;
			children = (
				54547031287DDE0B006C33DC /* StateFlags.app */,
			);
			name = Products;
			sourceTree = "<group>";
		};
		54547033287DDE0B006C33DC /* StateFlags */ = {
			isa = PBXGroup;
			children = (
				5454705D287DEF39006C33DC /* Views */,
				5454704F287DDEDE006C33DC /* Controllers */,
				5454704E287DDED8006C33DC /* Model */,
				5454704D287DDE46006C33DC /* Resources */,
				54547045287DDE0D006C33DC /* Info.plist */,
				54547046287DDE0D006C33DC /* main.m */,
			);
			path = StateFlags;
			sourceTree = "<group>";
		};
		5454704D287DDE46006C33DC /* Resources */ = {
			isa = PBXGroup;
			children = (
				54547034287DDE0B006C33DC /* AppDelegate.h */,
				54547035287DDE0B006C33DC /* AppDelegate.m */,
				54547037287DDE0B006C33DC /* SceneDelegate.h */,
				54547038287DDE0B006C33DC /* SceneDelegate.m */,
				5454703D287DDE0B006C33DC /* Main.storyboard */,
				54547040287DDE0D006C33DC /* Assets.xcassets */,
				54547042287DDE0D006C33DC /* LaunchScreen.storyboard */,
			);
			path = Resources;
			sourceTree = "<group>";
		};
		5454704E287DDED8006C33DC /* Model */ = {
			isa = PBXGroup;
			children = (
				54547050287DDF55006C33DC /* State.h */,
				54547051287DDF55006C33DC /* State.m */,
				54547056287DE42F006C33DC /* StateHelper.h */,
				54547057287DE42F006C33DC /* StateHelper.m */,
			);
			path = Model;
			sourceTree = "<group>";
		};
		5454704F287DDEDE006C33DC /* Controllers */ = {
			isa = PBXGroup;
			children = (
				54547059287DEF18006C33DC /* ViewControllers */,
				54547053287DE3DC006C33DC /* StateController.h */,
				54547054287DE3DC006C33DC /* StateController.m */,
			);
			path = Controllers;
			sourceTree = "<group>";
		};
		54547059287DEF18006C33DC /* ViewControllers */ = {
			isa = PBXGroup;
			children = (
				5454705A287DEF2F006C33DC /* StateCollectionViewController.h */,
				5454705B287DEF2F006C33DC /* StateCollectionViewController.m */,
			);
			path = ViewControllers;
			sourceTree = "<group>";
		};
		5454705D287DEF39006C33DC /* Views */ = {
			isa = PBXGroup;
			children = (
				5454705E287DEF51006C33DC /* StateCollectionViewCell.h */,
				5454705F287DEF51006C33DC /* StateCollectionViewCell.m */,
			);
			path = Views;
			sourceTree = "<group>";
		};
/* End PBXGroup section */

/* Begin PBXNativeTarget section */
		54547030287DDE0B006C33DC /* StateFlags */ = {
			isa = PBXNativeTarget;
			buildConfigurationList = 5454704A287DDE0D006C33DC /* Build configuration list for PBXNativeTarget "StateFlags" */;
			buildPhases = (
				5454702D287DDE0B006C33DC /* Sources */,
				5454702E287DDE0B006C33DC /* Frameworks */,
				5454702F287DDE0B006C33DC /* Resources */,
			);
			buildRules = (
			);
			dependencies = (
			);
			name = StateFlags;
			productName = StateFlags;
			productReference = 54547031287DDE0B006C33DC /* StateFlags.app */;
			productType = "com.apple.product-type.application";
		};
/* End PBXNativeTarget section */

/* Begin PBXProject section */
		54547029287DDE0B006C33DC /* Project object */ = {
			isa = PBXProject;
			attributes = {
				BuildIndependentTargetsInParallel = 1;
				LastUpgradeCheck = 1340;
				TargetAttributes = {
					54547030287DDE0B006C33DC = {
						CreatedOnToolsVersion = 13.4.1;
					};
				};
			};
			buildConfigurationList = 5454702C287DDE0B006C33DC /* Build configuration list for PBXProject "StateFlags" */;
			compatibilityVersion = "Xcode 13.0";
			developmentRegion = en;
			hasScannedForEncodings = 0;
			knownRegions = (
				en,
				Base,
			);
			mainGroup = 54547028287DDE0B006C33DC;
			productRefGroup = 54547032287DDE0B006C33DC /* Products */;
			projectDirPath = "";
			projectRoot = "";
			targets = (
				54547030287DDE0B006C33DC /* StateFlags */,
			);
		};
/* End PBXProject section */

/* Begin PBXResourcesBuildPhase section */
		5454702F287DDE0B006C33DC /* Resources */ = {
			isa = PBXResourcesBuildPhase;
			buildActionMask = 2147483647;
			files = (
				54547044287DDE0D006C33DC /* LaunchScreen.storyboard in Resources */,
				54547041287DDE0D006C33DC /* Assets.xcassets in Resources */,
				5454703F287DDE0B006C33DC /* Main.storyboard in Resources */,
			);
			runOnlyForDeploymentPostprocessing = 0;
		};
/* End PBXResourcesBuildPhase section */

/* Begin PBXSourcesBuildPhase section */
		5454702D287DDE0B006C33DC /* Sources */ = {
			isa = PBXSourcesBuildPhase;
			buildActionMask = 2147483647;
			files = (
				54547036287DDE0B006C33DC /* AppDelegate.m in Sources */,
				54547058287DE42F006C33DC /* StateHelper.m in Sources */,
				54547055287DE3DC006C33DC /* StateController.m in Sources */,
				54547047287DDE0D006C33DC /* main.m in Sources */,
				54547060287DEF51006C33DC /* StateCollectionViewCell.m in Sources */,
				54547039287DDE0B006C33DC /* SceneDelegate.m in Sources */,
				54547052287DDF55006C33DC /* State.m in Sources */,
				5454705C287DEF2F006C33DC /* StateCollectionViewController.m in Sources */,
			);
			runOnlyForDeploymentPostprocessing = 0;
		};
/* End PBXSourcesBuildPhase section */

/* Begin PBXVariantGroup section */
		5454703D287DDE0B006C33DC /* Main.storyboard */ = {
			isa = PBXVariantGroup;
			children = (
				5454703E287DDE0B006C33DC /* Base */,
			);
			name = Main.storyboard;
			sourceTree = "<group>";
		};
		54547042287DDE0D006C33DC /* LaunchScreen.storyboard */ = {
			isa = PBXVariantGroup;
			children = (
				54547043287DDE0D006C33DC /* Base */,
			);
			name = LaunchScreen.storyboard;
			sourceTree = "<group>";
		};
/* End PBXVariantGroup section */

/* Begin XCBuildConfiguration section */
		54547048287DDE0D006C33DC /* Debug */ = {
			isa = XCBuildConfiguration;
			buildSettings = {
				ALWAYS_SEARCH_USER_PATHS = NO;
				CLANG_ANALYZER_NONNULL = YES;
				CLANG_ANALYZER_NUMBER_OBJECT_CONVERSION = YES_AGGRESSIVE;
				CLANG_CXX_LANGUAGE_STANDARD = "gnu++17";
				CLANG_ENABLE_MODULES = YES;
				CLANG_ENABLE_OBJC_ARC = YES;
				CLANG_ENABLE_OBJC_WEAK = YES;
				CLANG_WARN_BLOCK_CAPTURE_AUTORELEASING = YES;
				CLANG_WARN_BOOL_CONVERSION = YES;
				CLANG_WARN_COMMA = YES;
				CLANG_WARN_CONSTANT_CONVERSION = YES;
				CLANG_WARN_DEPRECATED_OBJC_IMPLEMENTATIONS = YES;
				CLANG_WARN_DIRECT_OBJC_ISA_USAGE = YES_ERROR;
				CLANG_WARN_DOCUMENTATION_COMMENTS = YES;
				CLANG_WARN_EMPTY_BODY = YES;
				CLANG_WARN_ENUM_CONVERSION = YES;
				CLANG_WARN_INFINITE_RECURSION = YES;
				CLANG_WARN_INT_CONVERSION = YES;
				CLANG_WARN_NON_LITERAL_NULL_CONVERSION = YES;
				CLANG_WARN_OBJC_IMPLICIT_RETAIN_SELF = YES;
				CLANG_WARN_OBJC_LITERAL_CONVERSION = YES;
				CLANG_WARN_OBJC_ROOT_CLASS = YES_ERROR;
				CLANG_WARN_QUOTED_INCLUDE_IN_FRAMEWORK_HEADER = YES;
				CLANG_WARN_RANGE_LOOP_ANALYSIS = YES;
				CLANG_WARN_STRICT_PROTOTYPES = YES;
				CLANG_WARN_SUSPICIOUS_MOVE = YES;
				CLANG_WARN_UNGUARDED_AVAILABILITY = YES_AGGRESSIVE;
				CLANG_WARN_UNREACHABLE_CODE = YES;
				CLANG_WARN__DUPLICATE_METHOD_MATCH = YES;
				COPY_PHASE_STRIP = NO;
				DEBUG_INFORMATION_FORMAT = dwarf;
				ENABLE_STRICT_OBJC_MSGSEND = YES;
				ENABLE_TESTABILITY = YES;
				GCC_C_LANGUAGE_STANDARD = gnu11;
				GCC_DYNAMIC_NO_PIC = NO;
				GCC_NO_COMMON_BLOCKS = YES;
				GCC_OPTIMIZATION_LEVEL = 0;
				GCC_PREPROCESSOR_DEFINITIONS = (
					"DEBUG=1",
					"$(inherited)",
				);
				GCC_WARN_64_TO_32_BIT_CONVERSION = YES;
				GCC_WARN_ABOUT_RETURN_TYPE = YES_ERROR;
				GCC_WARN_UNDECLARED_SELECTOR = YES;
				GCC_WARN_UNINITIALIZED_AUTOS = YES_AGGRESSIVE;
				GCC_WARN_UNUSED_FUNCTION = YES;
				GCC_WARN_UNUSED_VARIABLE = YES;
				IPHONEOS_DEPLOYMENT_TARGET = 15.5;
				MTL_ENABLE_DEBUG_INFO = INCLUDE_SOURCE;
				MTL_FAST_MATH = YES;
				ONLY_ACTIVE_ARCH = YES;
				SDKROOT = iphoneos;
			};
			name = Debug;
		};
		54547049287DDE0D006C33DC /* Release */ = {
			isa = XCBuildConfiguration;
			buildSettings = {
				ALWAYS_SEARCH_USER_PATHS = NO;
				CLANG_ANALYZER_NONNULL = YES;
				CLANG_ANALYZER_NUMBER_OBJECT_CONVERSION = YES_AGGRESSIVE;
				CLANG_CXX_LANGUAGE_STANDARD = "gnu++17";
				CLANG_ENABLE_MODULES = YES;
				CLANG_ENABLE_OBJC_ARC = YES;
				CLANG_ENABLE_OBJC_WEAK = YES;
				CLANG_WARN_BLOCK_CAPTURE_AUTORELEASING = YES;
				CLANG_WARN_BOOL_CONVERSION = YES;
				CLANG_WARN_COMMA = YES;
				CLANG_WARN_CONSTANT_CONVERSION = YES;
				CLANG_WARN_DEPRECATED_OBJC_IMPLEMENTATIONS = YES;
				CLANG_WARN_DIRECT_OBJC_ISA_USAGE = YES_ERROR;
				CLANG_WARN_DOCUMENTATION_COMMENTS = YES;
				CLANG_WARN_EMPTY_BODY = YES;
				CLANG_WARN_ENUM_CONVERSION = YES;
				CLANG_WARN_INFINITE_RECURSION = YES;
				CLANG_WARN_INT_CONVERSION = YES;
				CLANG_WARN_NON_LITERAL_NULL_CONVERSION = YES;
				CLANG_WARN_OBJC_IMPLICIT_RETAIN_SELF = YES;
				CLANG_WARN_OBJC_LITERAL_CONVERSION = YES;
				CLANG_WARN_OBJC_ROOT_CLASS = YES_ERROR;
				CLANG_WARN_QUOTED_INCLUDE_IN_FRAMEWORK_HEADER = YES;
				CLANG_WARN_RANGE_LOOP_ANALYSIS = YES;
				CLANG_WARN_STRICT_PROTOTYPES = YES;
				CLANG_WARN_SUSPICIOUS_MOVE = YES;
				CLANG_WARN_UNGUARDED_AVAILABILITY = YES_AGGRESSIVE;
				CLANG_WARN_UNREACHABLE_CODE = YES;
				CLANG_WARN__DUPLICATE_METHOD_MATCH = YES;
				COPY_PHASE_STRIP = NO;
				DEBUG_INFORMATION_FORMAT = "dwarf-with-dsym";
				ENABLE_NS_ASSERTIONS = NO;
				ENABLE_STRICT_OBJC_MSGSEND = YES;
				GCC_C_LANGUAGE_STANDARD = gnu11;
				GCC_NO_COMMON_BLOCKS = YES;
				GCC_WARN_64_TO_32_BIT_CONVERSION = YES;
				GCC_WARN_ABOUT_RETURN_TYPE = YES_ERROR;
				GCC_WARN_UNDECLARED_SELECTOR = YES;
				GCC_WARN_UNINITIALIZED_AUTOS = YES_AGGRESSIVE;
				GCC_WARN_UNUSED_FUNCTION = YES;
				GCC_WARN_UNUSED_VARIABLE = YES;
				IPHONEOS_DEPLOYMENT_TARGET = 15.5;
				MTL_ENABLE_DEBUG_INFO = NO;
				MTL_FAST_MATH = YES;
				SDKROOT = iphoneos;
				VALIDATE_PRODUCT = YES;
			};
			name = Release;
		};
		5454704B287DDE0D006C33DC /* Debug */ = {
			isa = XCBuildConfiguration;
			buildSettings = {
				ASSETCATALOG_COMPILER_APPICON_NAME = AppIcon;
				ASSETCATALOG_COMPILER_GLOBAL_ACCENT_COLOR_NAME = AccentColor;
				CODE_SIGN_STYLE = Automatic;
				CURRENT_PROJECT_VERSION = 1;
				DEVELOPMENT_TEAM = QAY6XTDMYU;
				GENERATE_INFOPLIST_FILE = YES;
				INFOPLIST_FILE = StateFlags/Info.plist;
				INFOPLIST_KEY_UIApplicationSupportsIndirectInputEvents = YES;
				INFOPLIST_KEY_UILaunchStoryboardName = LaunchScreen;
				INFOPLIST_KEY_UIMainStoryboardFile = Main;
				INFOPLIST_KEY_UISupportedInterfaceOrientations_iPad = "UIInterfaceOrientationPortrait UIInterfaceOrientationPortraitUpsideDown UIInterfaceOrientationLandscapeLeft UIInterfaceOrientationLandscapeRight";
				INFOPLIST_KEY_UISupportedInterfaceOrientations_iPhone = "UIInterfaceOrientationPortrait UIInterfaceOrientationLandscapeLeft UIInterfaceOrientationLandscapeRight";
				LD_RUNPATH_SEARCH_PATHS = (
					"$(inherited)",
					"@executable_path/Frameworks",
				);
				MARKETING_VERSION = 1.0;
				PRODUCT_BUNDLE_IDENTIFIER = com.neverwinter9.StateFlags;
				PRODUCT_NAME = "$(TARGET_NAME)";
				SWIFT_EMIT_LOC_STRINGS = YES;
				TARGETED_DEVICE_FAMILY = "1,2";
			};
			name = Debug;
		};
		5454704C287DDE0D006C33DC /* Release */ = {
			isa = XCBuildConfiguration;
			buildSettings = {
				ASSETCATALOG_COMPILER_APPICON_NAME = AppIcon;
				ASSETCATALOG_COMPILER_GLOBAL_ACCENT_COLOR_NAME = AccentColor;
				CODE_SIGN_STYLE = Automatic;
				CURRENT_PROJECT_VERSION = 1;
				DEVELOPMENT_TEAM = QAY6XTDMYU;
				GENERATE_INFOPLIST_FILE = YES;
				INFOPLIST_FILE = StateFlags/Info.plist;
				INFOPLIST_KEY_UIApplicationSupportsIndirectInputEvents = YES;
				INFOPLIST_KEY_UILaunchStoryboardName = LaunchScreen;
				INFOPLIST_KEY_UIMainStoryboardFile = Main;
				INFOPLIST_KEY_UISupportedInterfaceOrientations_iPad = "UIInterfaceOrientationPortrait UIInterfaceOrientationPortraitUpsideDown UIInterfaceOrientationLandscapeLeft UIInterfaceOrientationLandscapeRight";
				INFOPLIST_KEY_UISupportedInterfaceOrientations_iPhone = "UIInterfaceOrientationPortrait UIInterfaceOrientationLandscapeLeft UIInterfaceOrientationLandscapeRight";
				LD_RUNPATH_SEARCH_PATHS = (
					"$(inherited)",
					"@executable_path/Frameworks",
				);
				MARKETING_VERSION = 1.0;
				PRODUCT_BUNDLE_IDENTIFIER = com.neverwinter9.StateFlags;
				PRODUCT_NAME = "$(TARGET_NAME)";
				SWIFT_EMIT_LOC_STRINGS = YES;
				TARGETED_DEVICE_FAMILY = "1,2";
			};
			name = Release;
		};
/* End XCBuildConfiguration section */

/* Begin XCConfigurationList section */
		5454702C287DDE0B006C33DC /* Build configuration list for PBXProject "StateFlags" */ = {
			isa = XCConfigurationList;
			buildConfigurations = (
				54547048287DDE0D006C33DC /* Debug */,
				54547049287DDE0D006C33DC /* Release */,
			);
			defaultConfigurationIsVisible = 0;
			defaultConfigurationName = Release;
		};
		5454704A287DDE0D006C33DC /* Build configuration list for PBXNativeTarget "StateFlags" */ = {
			isa = XCConfigurationList;
			buildConfigurations = (
				5454704B287DDE0D006C33DC /* Debug */,
				5454704C287DDE0D006C33DC /* Release */,
			);
			defaultConfigurationIsVisible = 0;
			defaultConfigurationName = Release;
		};
/* End XCConfigurationList section */
	};
	rootObject = 54547029287DDE0B006C33DC /* Project object */;
}
